// !$*UTF8*$!
{
	archiveVersion = 1;
	classes = {
	};
	objectVersion = 50;
	objects = {

/* Begin PBXBuildFile section */
		1C14D5E820F49C5B00A8C811 /* YPAppFluencyInfo.m in Sources */ = {isa = PBXBuildFile; fileRef = 1C14D5E720F49C5B00A8C811 /* YPAppFluencyInfo.m */; };
		1C53890220FF33CC0004C5FE /* YPAppInfoHelper.m in Sources */ = {isa = PBXBuildFile; fileRef = 1C53890120FF33CC0004C5FE /* YPAppInfoHelper.m */; };
		1C53CF4E2121169F007F0B8B /* UIView+YP_Extension.m in Sources */ = {isa = PBXBuildFile; fileRef = 1C53CF4D2121169F007F0B8B /* UIView+YP_Extension.m */; };
		1C69650220D236AA00B183F7 /* YPPersistency.m in Sources */ = {isa = PBXBuildFile; fileRef = 1C69650120D236AA00B183F7 /* YPPersistency.m */; };
		1C69650520D2376800B183F7 /* YPMonitorReporter.m in Sources */ = {isa = PBXBuildFile; fileRef = 1C69650420D2376800B183F7 /* YPMonitorReporter.m */; };
		1C69651120D26DBB00B183F7 /* YPAppMonitor.m in Sources */ = {isa = PBXBuildFile; fileRef = 1C69651020D26DBB00B183F7 /* YPAppMonitor.m */; };
		1C69651420D28D8F00B183F7 /* YPHttpClient.m in Sources */ = {isa = PBXBuildFile; fileRef = 1C69651320D28D8F00B183F7 /* YPHttpClient.m */; };
		1C69651B20D2992800B183F7 /* YPReporterNetworkOperation.m in Sources */ = {isa = PBXBuildFile; fileRef = 1C69651A20D2992800B183F7 /* YPReporterNetworkOperation.m */; };
		1C99005020BE70F000B8BAC5 /* AppDelegate.m in Sources */ = {isa = PBXBuildFile; fileRef = 1C99004F20BE70F000B8BAC5 /* AppDelegate.m */; };
		1C99005320BE70F000B8BAC5 /* ViewController.m in Sources */ = {isa = PBXBuildFile; fileRef = 1C99005220BE70F000B8BAC5 /* ViewController.m */; };
		1C99005620BE70F000B8BAC5 /* Main.storyboard in Resources */ = {isa = PBXBuildFile; fileRef = 1C99005420BE70F000B8BAC5 /* Main.storyboard */; };
		1C99005820BE70F000B8BAC5 /* Assets.xcassets in Resources */ = {isa = PBXBuildFile; fileRef = 1C99005720BE70F000B8BAC5 /* Assets.xcassets */; };
		1C99005B20BE70F000B8BAC5 /* LaunchScreen.storyboard in Resources */ = {isa = PBXBuildFile; fileRef = 1C99005920BE70F000B8BAC5 /* LaunchScreen.storyboard */; };
		1C99005E20BE70F100B8BAC5 /* main.m in Sources */ = {isa = PBXBuildFile; fileRef = 1C99005D20BE70F100B8BAC5 /* main.m */; };
		1C99007820BE732300B8BAC5 /* YPAppFluencyMonitor.m in Sources */ = {isa = PBXBuildFile; fileRef = 1C99006720BE732300B8BAC5 /* YPAppFluencyMonitor.m */; };
		1C99007920BE732300B8BAC5 /* YPAppCrashInfo.m in Sources */ = {isa = PBXBuildFile; fileRef = 1C99006920BE732300B8BAC5 /* YPAppCrashInfo.m */; };
		1C99007A20BE732300B8BAC5 /* YPAppCrashMonitor.m in Sources */ = {isa = PBXBuildFile; fileRef = 1C99006C20BE732300B8BAC5 /* YPAppCrashMonitor.m */; };
		1C99007B20BE732300B8BAC5 /* UIViewController+ZYPMonitor.m in Sources */ = {isa = PBXBuildFile; fileRef = 1C99006F20BE732300B8BAC5 /* UIViewController+ZYPMonitor.m */; };
		1C99007C20BE732300B8BAC5 /* YPDispatchQueuePool.m in Sources */ = {isa = PBXBuildFile; fileRef = 1C99007220BE732300B8BAC5 /* YPDispatchQueuePool.m */; };
		1C99007D20BE732300B8BAC5 /* YPCrashLogger.m in Sources */ = {isa = PBXBuildFile; fileRef = 1C99007320BE732300B8BAC5 /* YPCrashLogger.m */; };
		1C99007E20BE732300B8BAC5 /* YPBacktraceLogger.m in Sources */ = {isa = PBXBuildFile; fileRef = 1C99007420BE732300B8BAC5 /* YPBacktraceLogger.m */; };
		1C99008620BE743300B8BAC5 /* FluencyTestVC.m in Sources */ = {isa = PBXBuildFile; fileRef = 1C99008120BE743300B8BAC5 /* FluencyTestVC.m */; };
		1C99008720BE743300B8BAC5 /* MianViewController.m in Sources */ = {isa = PBXBuildFile; fileRef = 1C99008220BE743300B8BAC5 /* MianViewController.m */; };
		1C99008820BE743300B8BAC5 /* CrashTestVC.m in Sources */ = {isa = PBXBuildFile; fileRef = 1C99008320BE743300B8BAC5 /* CrashTestVC.m */; };
		1CA991E52109A49200B4D58A /* UIDevice+YP_Extension.m in Sources */ = {isa = PBXBuildFile; fileRef = 1CA991D92109A49200B4D58A /* UIDevice+YP_Extension.m */; };
		1CA991E62109A49200B4D58A /* NSDictionary+YP_Extension.m in Sources */ = {isa = PBXBuildFile; fileRef = 1CA991DB2109A49200B4D58A /* NSDictionary+YP_Extension.m */; };
		1CA991E72109A49200B4D58A /* UIScreen+YP_Extension.m in Sources */ = {isa = PBXBuildFile; fileRef = 1CA991DE2109A49200B4D58A /* UIScreen+YP_Extension.m */; };
		1CA991E82109A49200B4D58A /* NSString+YP_Extension.m in Sources */ = {isa = PBXBuildFile; fileRef = 1CA991E02109A49200B4D58A /* NSString+YP_Extension.m */; };
		1CA991E92109A49200B4D58A /* NSDate+YP_Extension.m in Sources */ = {isa = PBXBuildFile; fileRef = 1CA991E32109A49200B4D58A /* NSDate+YP_Extension.m */; };
		1CA991EA2109A49200B4D58A /* UIApplication+YP_Extension.m in Sources */ = {isa = PBXBuildFile; fileRef = 1CA991E42109A49200B4D58A /* UIApplication+YP_Extension.m */; };
		1CA991EE2109A62400B4D58A /* YPAppMonitor.podspec in Resources */ = {isa = PBXBuildFile; fileRef = 1CA991ED2109A62300B4D58A /* YPAppMonitor.podspec */; };
		1CAF03B620D3B12C0097730E /* YPReport.m in Sources */ = {isa = PBXBuildFile; fileRef = 1CAF03B520D3B12C0097730E /* YPReport.m */; };
		1CB3E33D2123F1F2001A593F /* NSFileManager+YP_Extension.m in Sources */ = {isa = PBXBuildFile; fileRef = 1CB3E33C2123F1F2001A593F /* NSFileManager+YP_Extension.m */; };
		1CB3E34021254BD0001A593F /* YPSystemLogMessage.m in Sources */ = {isa = PBXBuildFile; fileRef = 1CB3E33F21254BD0001A593F /* YPSystemLogMessage.m */; };
/* End PBXBuildFile section */

/* Begin PBXFileReference section */
		1C14D5E620F49C5B00A8C811 /* YPAppFluencyInfo.h */ = {isa = PBXFileReference; lastKnownFileType = sourcecode.c.h; path = YPAppFluencyInfo.h; sourceTree = "<group>"; };
		1C14D5E720F49C5B00A8C811 /* YPAppFluencyInfo.m */ = {isa = PBXFileReference; lastKnownFileType = sourcecode.c.objc; path = YPAppFluencyInfo.m; sourceTree = "<group>"; };
		1C53890020FF33CC0004C5FE /* YPAppInfoHelper.h */ = {isa = PBXFileReference; lastKnownFileType = sourcecode.c.h; path = YPAppInfoHelper.h; sourceTree = "<group>"; };
		1C53890120FF33CC0004C5FE /* YPAppInfoHelper.m */ = {isa = PBXFileReference; lastKnownFileType = sourcecode.c.objc; path = YPAppInfoHelper.m; sourceTree = "<group>"; };
		1C53CF4C2121169F007F0B8B /* UIView+YP_Extension.h */ = {isa = PBXFileReference; lastKnownFileType = sourcecode.c.h; path = "UIView+YP_Extension.h"; sourceTree = "<group>"; };
		1C53CF4D2121169F007F0B8B /* UIView+YP_Extension.m */ = {isa = PBXFileReference; lastKnownFileType = sourcecode.c.objc; path = "UIView+YP_Extension.m"; sourceTree = "<group>"; };
		1C69650020D236AA00B183F7 /* YPPersistency.h */ = {isa = PBXFileReference; lastKnownFileType = sourcecode.c.h; path = YPPersistency.h; sourceTree = "<group>"; };
		1C69650120D236AA00B183F7 /* YPPersistency.m */ = {isa = PBXFileReference; lastKnownFileType = sourcecode.c.objc; path = YPPersistency.m; sourceTree = "<group>"; };
		1C69650320D2376800B183F7 /* YPMonitorReporter.h */ = {isa = PBXFileReference; lastKnownFileType = sourcecode.c.h; path = YPMonitorReporter.h; sourceTree = "<group>"; };
		1C69650420D2376800B183F7 /* YPMonitorReporter.m */ = {isa = PBXFileReference; lastKnownFileType = sourcecode.c.objc; path = YPMonitorReporter.m; sourceTree = "<group>"; };
		1C69651020D26DBB00B183F7 /* YPAppMonitor.m */ = {isa = PBXFileReference; lastKnownFileType = sourcecode.c.objc; path = YPAppMonitor.m; sourceTree = "<group>"; };
		1C69651220D28D8F00B183F7 /* YPHttpClient.h */ = {isa = PBXFileReference; lastKnownFileType = sourcecode.c.h; path = YPHttpClient.h; sourceTree = "<group>"; };
		1C69651320D28D8F00B183F7 /* YPHttpClient.m */ = {isa = PBXFileReference; lastKnownFileType = sourcecode.c.objc; path = YPHttpClient.m; sourceTree = "<group>"; };
		1C69651920D2992800B183F7 /* YPReporterNetworkOperation.h */ = {isa = PBXFileReference; lastKnownFileType = sourcecode.c.h; path = YPReporterNetworkOperation.h; sourceTree = "<group>"; };
		1C69651A20D2992800B183F7 /* YPReporterNetworkOperation.m */ = {isa = PBXFileReference; lastKnownFileType = sourcecode.c.objc; path = YPReporterNetworkOperation.m; sourceTree = "<group>"; };
		1C99004B20BE70F000B8BAC5 /* YPAppMonitorDemo.app */ = {isa = PBXFileReference; explicitFileType = wrapper.application; includeInIndex = 0; path = YPAppMonitorDemo.app; sourceTree = BUILT_PRODUCTS_DIR; };
		1C99004E20BE70F000B8BAC5 /* AppDelegate.h */ = {isa = PBXFileReference; lastKnownFileType = sourcecode.c.h; path = AppDelegate.h; sourceTree = "<group>"; };
		1C99004F20BE70F000B8BAC5 /* AppDelegate.m */ = {isa = PBXFileReference; lastKnownFileType = sourcecode.c.objc; path = AppDelegate.m; sourceTree = "<group>"; };
		1C99005120BE70F000B8BAC5 /* ViewController.h */ = {isa = PBXFileReference; lastKnownFileType = sourcecode.c.h; path = ViewController.h; sourceTree = "<group>"; };
		1C99005220BE70F000B8BAC5 /* ViewController.m */ = {isa = PBXFileReference; lastKnownFileType = sourcecode.c.objc; path = ViewController.m; sourceTree = "<group>"; };
		1C99005520BE70F000B8BAC5 /* Base */ = {isa = PBXFileReference; lastKnownFileType = file.storyboard; name = Base; path = Base.lproj/Main.storyboard; sourceTree = "<group>"; };
		1C99005720BE70F000B8BAC5 /* Assets.xcassets */ = {isa = PBXFileReference; lastKnownFileType = folder.assetcatalog; path = Assets.xcassets; sourceTree = "<group>"; };
		1C99005A20BE70F000B8BAC5 /* Base */ = {isa = PBXFileReference; lastKnownFileType = file.storyboard; name = Base; path = Base.lproj/LaunchScreen.storyboard; sourceTree = "<group>"; };
		1C99005C20BE70F100B8BAC5 /* Info.plist */ = {isa = PBXFileReference; lastKnownFileType = text.plist.xml; path = Info.plist; sourceTree = "<group>"; };
		1C99005D20BE70F100B8BAC5 /* main.m */ = {isa = PBXFileReference; lastKnownFileType = sourcecode.c.objc; path = main.m; sourceTree = "<group>"; };
		1C99006620BE732300B8BAC5 /* YPAppFluencyMonitor.h */ = {isa = PBXFileReference; fileEncoding = 4; lastKnownFileType = sourcecode.c.h; path = YPAppFluencyMonitor.h; sourceTree = "<group>"; };
		1C99006720BE732300B8BAC5 /* YPAppFluencyMonitor.m */ = {isa = PBXFileReference; fileEncoding = 4; lastKnownFileType = sourcecode.c.objc; path = YPAppFluencyMonitor.m; sourceTree = "<group>"; };
		1C99006920BE732300B8BAC5 /* YPAppCrashInfo.m */ = {isa = PBXFileReference; fileEncoding = 4; lastKnownFileType = sourcecode.c.objc; path = YPAppCrashInfo.m; sourceTree = "<group>"; };
		1C99006A20BE732300B8BAC5 /* YPAppCrashInfo.h */ = {isa = PBXFileReference; fileEncoding = 4; lastKnownFileType = sourcecode.c.h; path = YPAppCrashInfo.h; sourceTree = "<group>"; };
		1C99006C20BE732300B8BAC5 /* YPAppCrashMonitor.m */ = {isa = PBXFileReference; fileEncoding = 4; lastKnownFileType = sourcecode.c.objc; path = YPAppCrashMonitor.m; sourceTree = "<group>"; };
		1C99006D20BE732300B8BAC5 /* YPAppCrashMonitor.h */ = {isa = PBXFileReference; fileEncoding = 4; lastKnownFileType = sourcecode.c.h; path = YPAppCrashMonitor.h; sourceTree = "<group>"; };
		1C99006F20BE732300B8BAC5 /* UIViewController+ZYPMonitor.m */ = {isa = PBXFileReference; fileEncoding = 4; lastKnownFileType = sourcecode.c.objc; path = "UIViewController+ZYPMonitor.m"; sourceTree = "<group>"; };
		1C99007020BE732300B8BAC5 /* UIViewController+ZYPMonitor.h */ = {isa = PBXFileReference; fileEncoding = 4; lastKnownFileType = sourcecode.c.h; path = "UIViewController+ZYPMonitor.h"; sourceTree = "<group>"; };
		1C99007220BE732300B8BAC5 /* YPDispatchQueuePool.m */ = {isa = PBXFileReference; fileEncoding = 4; lastKnownFileType = sourcecode.c.objc; path = YPDispatchQueuePool.m; sourceTree = "<group>"; };
		1C99007320BE732300B8BAC5 /* YPCrashLogger.m */ = {isa = PBXFileReference; fileEncoding = 4; lastKnownFileType = sourcecode.c.objc; path = YPCrashLogger.m; sourceTree = "<group>"; };
		1C99007420BE732300B8BAC5 /* YPBacktraceLogger.m */ = {isa = PBXFileReference; fileEncoding = 4; lastKnownFileType = sourcecode.c.objc; path = YPBacktraceLogger.m; sourceTree = "<group>"; };
		1C99007520BE732300B8BAC5 /* YPCrashLogger.h */ = {isa = PBXFileReference; fileEncoding = 4; lastKnownFileType = sourcecode.c.h; path = YPCrashLogger.h; sourceTree = "<group>"; };
		1C99007620BE732300B8BAC5 /* YPDispatchQueuePool.h */ = {isa = PBXFileReference; fileEncoding = 4; lastKnownFileType = sourcecode.c.h; path = YPDispatchQueuePool.h; sourceTree = "<group>"; };
		1C99007720BE732300B8BAC5 /* YPBacktraceLogger.h */ = {isa = PBXFileReference; fileEncoding = 4; lastKnownFileType = sourcecode.c.h; path = YPBacktraceLogger.h; sourceTree = "<group>"; };
		1C99008020BE743300B8BAC5 /* CrashTestVC.h */ = {isa = PBXFileReference; fileEncoding = 4; lastKnownFileType = sourcecode.c.h; path = CrashTestVC.h; sourceTree = "<group>"; };
		1C99008120BE743300B8BAC5 /* FluencyTestVC.m */ = {isa = PBXFileReference; fileEncoding = 4; lastKnownFileType = sourcecode.c.objc; path = FluencyTestVC.m; sourceTree = "<group>"; };
		1C99008220BE743300B8BAC5 /* MianViewController.m */ = {isa = PBXFileReference; fileEncoding = 4; lastKnownFileType = sourcecode.c.objc; path = MianViewController.m; sourceTree = "<group>"; };
		1C99008320BE743300B8BAC5 /* CrashTestVC.m */ = {isa = PBXFileReference; fileEncoding = 4; lastKnownFileType = sourcecode.c.objc; path = CrashTestVC.m; sourceTree = "<group>"; };
		1C99008420BE743300B8BAC5 /* FluencyTestVC.h */ = {isa = PBXFileReference; fileEncoding = 4; lastKnownFileType = sourcecode.c.h; path = FluencyTestVC.h; sourceTree = "<group>"; };
		1C99008520BE743300B8BAC5 /* MianViewController.h */ = {isa = PBXFileReference; fileEncoding = 4; lastKnownFileType = sourcecode.c.h; path = MianViewController.h; sourceTree = "<group>"; };
		1C9900E320BE9BFF00B8BAC5 /* YPAppMonitor.h */ = {isa = PBXFileReference; lastKnownFileType = sourcecode.c.h; path = YPAppMonitor.h; sourceTree = "<group>"; };
		1CA991D82109A49200B4D58A /* NSString+YP_Extension.h */ = {isa = PBXFileReference; fileEncoding = 4; lastKnownFileType = sourcecode.c.h; path = "NSString+YP_Extension.h"; sourceTree = "<group>"; };
		1CA991D92109A49200B4D58A /* UIDevice+YP_Extension.m */ = {isa = PBXFileReference; fileEncoding = 4; lastKnownFileType = sourcecode.c.objc; path = "UIDevice+YP_Extension.m"; sourceTree = "<group>"; };
		1CA991DA2109A49200B4D58A /* UIScreen+YP_Extension.h */ = {isa = PBXFileReference; fileEncoding = 4; lastKnownFileType = sourcecode.c.h; path = "UIScreen+YP_Extension.h"; sourceTree = "<group>"; };
		1CA991DB2109A49200B4D58A /* NSDictionary+YP_Extension.m */ = {isa = PBXFileReference; fileEncoding = 4; lastKnownFileType = sourcecode.c.objc; path = "NSDictionary+YP_Extension.m"; sourceTree = "<group>"; };
		1CA991DC2109A49200B4D58A /* UIApplication+YP_Extension.h */ = {isa = PBXFileReference; fileEncoding = 4; lastKnownFileType = sourcecode.c.h; path = "UIApplication+YP_Extension.h"; sourceTree = "<group>"; };
		1CA991DD2109A49200B4D58A /* NSDate+YP_Extension.h */ = {isa = PBXFileReference; fileEncoding = 4; lastKnownFileType = sourcecode.c.h; path = "NSDate+YP_Extension.h"; sourceTree = "<group>"; };
		1CA991DE2109A49200B4D58A /* UIScreen+YP_Extension.m */ = {isa = PBXFileReference; fileEncoding = 4; lastKnownFileType = sourcecode.c.objc; path = "UIScreen+YP_Extension.m"; sourceTree = "<group>"; };
		1CA991DF2109A49200B4D58A /* UIDevice+YP_Extension.h */ = {isa = PBXFileReference; fileEncoding = 4; lastKnownFileType = sourcecode.c.h; path = "UIDevice+YP_Extension.h"; sourceTree = "<group>"; };
		1CA991E02109A49200B4D58A /* NSString+YP_Extension.m */ = {isa = PBXFileReference; fileEncoding = 4; lastKnownFileType = sourcecode.c.objc; path = "NSString+YP_Extension.m"; sourceTree = "<group>"; };
		1CA991E12109A49200B4D58A /* NSDictionary+YP_Extension.h */ = {isa = PBXFileReference; fileEncoding = 4; lastKnownFileType = sourcecode.c.h; path = "NSDictionary+YP_Extension.h"; sourceTree = "<group>"; };
		1CA991E22109A49200B4D58A /* YP_Extension.h */ = {isa = PBXFileReference; fileEncoding = 4; lastKnownFileType = sourcecode.c.h; path = YP_Extension.h; sourceTree = "<group>"; };
		1CA991E32109A49200B4D58A /* NSDate+YP_Extension.m */ = {isa = PBXFileReference; fileEncoding = 4; lastKnownFileType = sourcecode.c.objc; path = "NSDate+YP_Extension.m"; sourceTree = "<group>"; };
		1CA991E42109A49200B4D58A /* UIApplication+YP_Extension.m */ = {isa = PBXFileReference; fileEncoding = 4; lastKnownFileType = sourcecode.c.objc; path = "UIApplication+YP_Extension.m"; sourceTree = "<group>"; };
		1CA991ED2109A62300B4D58A /* YPAppMonitor.podspec */ = {isa = PBXFileReference; fileEncoding = 4; lastKnownFileType = text; name = YPAppMonitor.podspec; path = ../../YPAppMonitor.podspec; sourceTree = "<group>"; };
		1CAF03B420D3B12C0097730E /* YPReport.h */ = {isa = PBXFileReference; lastKnownFileType = sourcecode.c.h; path = YPReport.h; sourceTree = "<group>"; };
		1CAF03B520D3B12C0097730E /* YPReport.m */ = {isa = PBXFileReference; lastKnownFileType = sourcecode.c.objc; path = YPReport.m; sourceTree = "<group>"; };
		1CB3E33B2123F1F2001A593F /* NSFileManager+YP_Extension.h */ = {isa = PBXFileReference; lastKnownFileType = sourcecode.c.h; path = "NSFileManager+YP_Extension.h"; sourceTree = "<group>"; };
		1CB3E33C2123F1F2001A593F /* NSFileManager+YP_Extension.m */ = {isa = PBXFileReference; lastKnownFileType = sourcecode.c.objc; path = "NSFileManager+YP_Extension.m"; sourceTree = "<group>"; };
		1CB3E33E21254BD0001A593F /* YPSystemLogMessage.h */ = {isa = PBXFileReference; lastKnownFileType = sourcecode.c.h; path = YPSystemLogMessage.h; sourceTree = "<group>"; };
		1CB3E33F21254BD0001A593F /* YPSystemLogMessage.m */ = {isa = PBXFileReference; lastKnownFileType = sourcecode.c.objc; path = YPSystemLogMessage.m; sourceTree = "<group>"; };
/* End PBXFileReference section */

/* Begin PBXFrameworksBuildPhase section */
		1C99004820BE70F000B8BAC5 /* Frameworks */ = {
			isa = PBXFrameworksBuildPhase;
			buildActionMask = 2147483647;
			files = (
			);
			runOnlyForDeploymentPostprocessing = 0;
		};
/* End PBXFrameworksBuildPhase section */

/* Begin PBXGroup section */
		1C6964FF20D2358E00B183F7 /* Persistency */ = {
			isa = PBXGroup;
			children = (
				1C69650320D2376800B183F7 /* YPMonitorReporter.h */,
				1C69650420D2376800B183F7 /* YPMonitorReporter.m */,
				1C69650020D236AA00B183F7 /* YPPersistency.h */,
				1C69650120D236AA00B183F7 /* YPPersistency.m */,
				1C69651920D2992800B183F7 /* YPReporterNetworkOperation.h */,
				1C69651A20D2992800B183F7 /* YPReporterNetworkOperation.m */,
			);
			path = Persistency;
			sourceTree = "<group>";
		};
		1C99004220BE70F000B8BAC5 = {
			isa = PBXGroup;
			children = (
				1CA991ED2109A62300B4D58A /* YPAppMonitor.podspec */,
				1C99004D20BE70F000B8BAC5 /* YPAppMonitorDemo */,
				1C99006420BE732300B8BAC5 /* YPAppMonitor */,
				1CA991D72109A49200B4D58A /* YPKit */,
				1C99004C20BE70F000B8BAC5 /* Products */,
			);
			sourceTree = "<group>";
		};
		1C99004C20BE70F000B8BAC5 /* Products */ = {
			isa = PBXGroup;
			children = (
				1C99004B20BE70F000B8BAC5 /* YPAppMonitorDemo.app */,
			);
			name = Products;
			sourceTree = "<group>";
		};
		1C99004D20BE70F000B8BAC5 /* YPAppMonitorDemo */ = {
			isa = PBXGroup;
			children = (
				1C99007F20BE743300B8BAC5 /* TestVC */,
				1C99004E20BE70F000B8BAC5 /* AppDelegate.h */,
				1C99004F20BE70F000B8BAC5 /* AppDelegate.m */,
				1C99005120BE70F000B8BAC5 /* ViewController.h */,
				1C99005220BE70F000B8BAC5 /* ViewController.m */,
				1C99005420BE70F000B8BAC5 /* Main.storyboard */,
				1C99005720BE70F000B8BAC5 /* Assets.xcassets */,
				1C99005920BE70F000B8BAC5 /* LaunchScreen.storyboard */,
				1C99005C20BE70F100B8BAC5 /* Info.plist */,
				1C99005D20BE70F100B8BAC5 /* main.m */,
			);
			path = YPAppMonitorDemo;
			sourceTree = "<group>";
		};
		1C99006420BE732300B8BAC5 /* YPAppMonitor */ = {
			isa = PBXGroup;
			children = (
				1C9900E320BE9BFF00B8BAC5 /* YPAppMonitor.h */,
				1C69651020D26DBB00B183F7 /* YPAppMonitor.m */,
				1C6964FF20D2358E00B183F7 /* Persistency */,
				1C99006520BE732300B8BAC5 /* AppFluency */,
				1C99006820BE732300B8BAC5 /* Model */,
				1C99006B20BE732300B8BAC5 /* AppCrash */,
				1C99006E20BE732300B8BAC5 /* Base */,
				1C99007120BE732300B8BAC5 /* Utility */,
			);
			name = YPAppMonitor;
			path = ../../YPAppMonitor;
			sourceTree = "<group>";
		};
		1C99006520BE732300B8BAC5 /* AppFluency */ = {
			isa = PBXGroup;
			children = (
				1C99006620BE732300B8BAC5 /* YPAppFluencyMonitor.h */,
				1C99006720BE732300B8BAC5 /* YPAppFluencyMonitor.m */,
			);
			path = AppFluency;
			sourceTree = "<group>";
		};
		1C99006820BE732300B8BAC5 /* Model */ = {
			isa = PBXGroup;
			children = (
				1C14D5E620F49C5B00A8C811 /* YPAppFluencyInfo.h */,
				1C14D5E720F49C5B00A8C811 /* YPAppFluencyInfo.m */,
				1C99006A20BE732300B8BAC5 /* YPAppCrashInfo.h */,
				1C99006920BE732300B8BAC5 /* YPAppCrashInfo.m */,
				1CAF03B420D3B12C0097730E /* YPReport.h */,
				1CAF03B520D3B12C0097730E /* YPReport.m */,
				1C53890020FF33CC0004C5FE /* YPAppInfoHelper.h */,
				1C53890120FF33CC0004C5FE /* YPAppInfoHelper.m */,
			);
			path = Model;
			sourceTree = "<group>";
		};
		1C99006B20BE732300B8BAC5 /* AppCrash */ = {
			isa = PBXGroup;
			children = (
				1C99006D20BE732300B8BAC5 /* YPAppCrashMonitor.h */,
				1C99006C20BE732300B8BAC5 /* YPAppCrashMonitor.m */,
			);
			path = AppCrash;
			sourceTree = "<group>";
		};
		1C99006E20BE732300B8BAC5 /* Base */ = {
			isa = PBXGroup;
			children = (
				1C99007020BE732300B8BAC5 /* UIViewController+ZYPMonitor.h */,
				1C99006F20BE732300B8BAC5 /* UIViewController+ZYPMonitor.m */,
			);
			path = Base;
			sourceTree = "<group>";
		};
		1C99007120BE732300B8BAC5 /* Utility */ = {
			isa = PBXGroup;
			children = (
				1C69651220D28D8F00B183F7 /* YPHttpClient.h */,
				1C69651320D28D8F00B183F7 /* YPHttpClient.m */,
				1C99007720BE732300B8BAC5 /* YPBacktraceLogger.h */,
				1C99007420BE732300B8BAC5 /* YPBacktraceLogger.m */,
				1C99007620BE732300B8BAC5 /* YPDispatchQueuePool.h */,
				1C99007220BE732300B8BAC5 /* YPDispatchQueuePool.m */,
				1C99007520BE732300B8BAC5 /* YPCrashLogger.h */,
				1C99007320BE732300B8BAC5 /* YPCrashLogger.m */,
				1CB3E33E21254BD0001A593F /* YPSystemLogMessage.h */,
				1CB3E33F21254BD0001A593F /* YPSystemLogMessage.m */,
			);
			path = Utility;
			sourceTree = "<group>";
		};
		1C99007F20BE743300B8BAC5 /* TestVC */ = {
			isa = PBXGroup;
			children = (
				1C99008020BE743300B8BAC5 /* CrashTestVC.h */,
				1C99008320BE743300B8BAC5 /* CrashTestVC.m */,
				1C99008420BE743300B8BAC5 /* FluencyTestVC.h */,
				1C99008120BE743300B8BAC5 /* FluencyTestVC.m */,
				1C99008520BE743300B8BAC5 /* MianViewController.h */,
				1C99008220BE743300B8BAC5 /* MianViewController.m */,
			);
			path = TestVC;
			sourceTree = "<group>";
		};
		1CA991D72109A49200B4D58A /* YPKit */ = {
			isa = PBXGroup;
			children = (
				1CA991E22109A49200B4D58A /* YP_Extension.h */,
				1C53CF4C2121169F007F0B8B /* UIView+YP_Extension.h */,
				1C53CF4D2121169F007F0B8B /* UIView+YP_Extension.m */,
				1CA991D82109A49200B4D58A /* NSString+YP_Extension.h */,
				1CA991E02109A49200B4D58A /* NSString+YP_Extension.m */,
				1CA991DA2109A49200B4D58A /* UIScreen+YP_Extension.h */,
				1CA991DE2109A49200B4D58A /* UIScreen+YP_Extension.m */,
				1CA991DF2109A49200B4D58A /* UIDevice+YP_Extension.h */,
				1CA991D92109A49200B4D58A /* UIDevice+YP_Extension.m */,
				1CA991DD2109A49200B4D58A /* NSDate+YP_Extension.h */,
				1CA991E32109A49200B4D58A /* NSDate+YP_Extension.m */,
				1CA991E12109A49200B4D58A /* NSDictionary+YP_Extension.h */,
				1CA991DB2109A49200B4D58A /* NSDictionary+YP_Extension.m */,
				1CA991DC2109A49200B4D58A /* UIApplication+YP_Extension.h */,
				1CA991E42109A49200B4D58A /* UIApplication+YP_Extension.m */,
				1CB3E33B2123F1F2001A593F /* NSFileManager+YP_Extension.h */,
				1CB3E33C2123F1F2001A593F /* NSFileManager+YP_Extension.m */,
			);
			name = YPKit;
			path = ../../YPAppMonitor/YPKit;
			sourceTree = "<group>";
		};
/* End PBXGroup section */

/* Begin PBXNativeTarget section */
		1C99004A20BE70F000B8BAC5 /* YPAppMonitorDemo */ = {
			isa = PBXNativeTarget;
			buildConfigurationList = 1C99006120BE70F100B8BAC5 /* Build configuration list for PBXNativeTarget "YPAppMonitorDemo" */;
			buildPhases = (
				1C99004720BE70F000B8BAC5 /* Sources */,
				1C99004820BE70F000B8BAC5 /* Frameworks */,
				1C99004920BE70F000B8BAC5 /* Resources */,
			);
			buildRules = (
			);
			dependencies = (
			);
			name = YPAppMonitorDemo;
			productName = YPAppMonitorDemo;
			productReference = 1C99004B20BE70F000B8BAC5 /* YPAppMonitorDemo.app */;
			productType = "com.apple.product-type.application";
		};
/* End PBXNativeTarget section */

/* Begin PBXProject section */
		1C99004320BE70F000B8BAC5 /* Project object */ = {
			isa = PBXProject;
			attributes = {
				LastUpgradeCheck = 0930;
				ORGANIZATIONNAME = ZYP;
				TargetAttributes = {
					1C99004A20BE70F000B8BAC5 = {
						CreatedOnToolsVersion = 9.3;
					};
				};
			};
			buildConfigurationList = 1C99004620BE70F000B8BAC5 /* Build configuration list for PBXProject "YPAppMonitorDemo" */;
			compatibilityVersion = "Xcode 9.3";
			developmentRegion = en;
			hasScannedForEncodings = 0;
			knownRegions = (
				en,
				Base,
			);
			mainGroup = 1C99004220BE70F000B8BAC5;
			productRefGroup = 1C99004C20BE70F000B8BAC5 /* Products */;
			projectDirPath = "";
			projectRoot = "";
			targets = (
				1C99004A20BE70F000B8BAC5 /* YPAppMonitorDemo */,
			);
		};
/* End PBXProject section */

/* Begin PBXResourcesBuildPhase section */
		1C99004920BE70F000B8BAC5 /* Resources */ = {
			isa = PBXResourcesBuildPhase;
			buildActionMask = 2147483647;
			files = (
				1C99005B20BE70F000B8BAC5 /* LaunchScreen.storyboard in Resources */,
				1C99005820BE70F000B8BAC5 /* Assets.xcassets in Resources */,
				1CA991EE2109A62400B4D58A /* YPAppMonitor.podspec in Resources */,
				1C99005620BE70F000B8BAC5 /* Main.storyboard in Resources */,
			);
			runOnlyForDeploymentPostprocessing = 0;
		};
/* End PBXResourcesBuildPhase section */

/* Begin PBXSourcesBuildPhase section */
		1C99004720BE70F000B8BAC5 /* Sources */ = {
			isa = PBXSourcesBuildPhase;
			buildActionMask = 2147483647;
			files = (
				1CA991E52109A49200B4D58A /* UIDevice+YP_Extension.m in Sources */,
				1C53CF4E2121169F007F0B8B /* UIView+YP_Extension.m in Sources */,
				1C69650220D236AA00B183F7 /* YPPersistency.m in Sources */,
				1C99007C20BE732300B8BAC5 /* YPDispatchQueuePool.m in Sources */,
				1CA991E92109A49200B4D58A /* NSDate+YP_Extension.m in Sources */,
				1CA991E62109A49200B4D58A /* NSDictionary+YP_Extension.m in Sources */,
				1CA991E82109A49200B4D58A /* NSString+YP_Extension.m in Sources */,
				1C99007E20BE732300B8BAC5 /* YPBacktraceLogger.m in Sources */,
				1C99007820BE732300B8BAC5 /* YPAppFluencyMonitor.m in Sources */,
				1C99008720BE743300B8BAC5 /* MianViewController.m in Sources */,
				1CA991EA2109A49200B4D58A /* UIApplication+YP_Extension.m in Sources */,
				1C99005320BE70F000B8BAC5 /* ViewController.m in Sources */,
				1C69651B20D2992800B183F7 /* YPReporterNetworkOperation.m in Sources */,
				1C69651120D26DBB00B183F7 /* YPAppMonitor.m in Sources */,
				1C99008620BE743300B8BAC5 /* FluencyTestVC.m in Sources */,
				1C99007920BE732300B8BAC5 /* YPAppCrashInfo.m in Sources */,
				1CB3E33D2123F1F2001A593F /* NSFileManager+YP_Extension.m in Sources */,
				1C69651420D28D8F00B183F7 /* YPHttpClient.m in Sources */,
				1CB3E34021254BD0001A593F /* YPSystemLogMessage.m in Sources */,
				1C99007A20BE732300B8BAC5 /* YPAppCrashMonitor.m in Sources */,
				1C99005E20BE70F100B8BAC5 /* main.m in Sources */,
				1C14D5E820F49C5B00A8C811 /* YPAppFluencyInfo.m in Sources */,
				1CA991E72109A49200B4D58A /* UIScreen+YP_Extension.m in Sources */,
				1C53890220FF33CC0004C5FE /* YPAppInfoHelper.m in Sources */,
				1C99007B20BE732300B8BAC5 /* UIViewController+ZYPMonitor.m in Sources */,
				1C99005020BE70F000B8BAC5 /* AppDelegate.m in Sources */,
				1C99008820BE743300B8BAC5 /* CrashTestVC.m in Sources */,
				1C99007D20BE732300B8BAC5 /* YPCrashLogger.m in Sources */,
				1C69650520D2376800B183F7 /* YPMonitorReporter.m in Sources */,
				1CAF03B620D3B12C0097730E /* YPReport.m in Sources */,
			);
			runOnlyForDeploymentPostprocessing = 0;
		};
/* End PBXSourcesBuildPhase section */

/* Begin PBXVariantGroup section */
		1C99005420BE70F000B8BAC5 /* Main.storyboard */ = {
			isa = PBXVariantGroup;
			children = (
				1C99005520BE70F000B8BAC5 /* Base */,
			);
			name = Main.storyboard;
			sourceTree = "<group>";
		};
		1C99005920BE70F000B8BAC5 /* LaunchScreen.storyboard */ = {
			isa = PBXVariantGroup;
			children = (
				1C99005A20BE70F000B8BAC5 /* Base */,
			);
			name = LaunchScreen.storyboard;
			sourceTree = "<group>";
		};
/* End PBXVariantGroup section */

/* Begin XCBuildConfiguration section */
		1C99005F20BE70F100B8BAC5 /* Debug */ = {
			isa = XCBuildConfiguration;
			buildSettings = {
				ALWAYS_SEARCH_USER_PATHS = NO;
				CLANG_ANALYZER_NONNULL = YES;
				CLANG_ANALYZER_NUMBER_OBJECT_CONVERSION = YES_AGGRESSIVE;
				CLANG_CXX_LANGUAGE_STANDARD = "gnu++14";
				CLANG_CXX_LIBRARY = "libc++";
				CLANG_ENABLE_MODULES = YES;
				CLANG_ENABLE_OBJC_ARC = YES;
				CLANG_ENABLE_OBJC_WEAK = YES;
				CLANG_WARN_BLOCK_CAPTURE_AUTORELEASING = YES;
				CLANG_WARN_BOOL_CONVERSION = YES;
				CLANG_WARN_COMMA = YES;
				CLANG_WARN_CONSTANT_CONVERSION = YES;
				CLANG_WARN_DEPRECATED_OBJC_IMPLEMENTATIONS = YES;
				CLANG_WARN_DIRECT_OBJC_ISA_USAGE = YES_ERROR;
				CLANG_WARN_DOCUMENTATION_COMMENTS = YES;
				CLANG_WARN_EMPTY_BODY = YES;
				CLANG_WARN_ENUM_CONVERSION = YES;
				CLANG_WARN_INFINITE_RECURSION = YES;
				CLANG_WARN_INT_CONVERSION = YES;
				CLANG_WARN_NON_LITERAL_NULL_CONVERSION = YES;
				CLANG_WARN_OBJC_IMPLICIT_RETAIN_SELF = YES;
				CLANG_WARN_OBJC_LITERAL_CONVERSION = YES;
				CLANG_WARN_OBJC_ROOT_CLASS = YES_ERROR;
				CLANG_WARN_RANGE_LOOP_ANALYSIS = YES;
				CLANG_WARN_STRICT_PROTOTYPES = YES;
				CLANG_WARN_SUSPICIOUS_MOVE = YES;
				CLANG_WARN_UNGUARDED_AVAILABILITY = YES_AGGRESSIVE;
				CLANG_WARN_UNREACHABLE_CODE = YES;
				CLANG_WARN__DUPLICATE_METHOD_MATCH = YES;
				CODE_SIGN_IDENTITY = "iPhone Developer";
				COPY_PHASE_STRIP = NO;
				DEBUG_INFORMATION_FORMAT = dwarf;
				ENABLE_STRICT_OBJC_MSGSEND = YES;
				ENABLE_TESTABILITY = YES;
				GCC_C_LANGUAGE_STANDARD = gnu11;
				GCC_DYNAMIC_NO_PIC = NO;
				GCC_NO_COMMON_BLOCKS = YES;
				GCC_OPTIMIZATION_LEVEL = 0;
				GCC_PREPROCESSOR_DEFINITIONS = (
					"DEBUG=1",
					"$(inherited)",
				);
				GCC_WARN_64_TO_32_BIT_CONVERSION = YES;
				GCC_WARN_ABOUT_RETURN_TYPE = YES_ERROR;
				GCC_WARN_UNDECLARED_SELECTOR = YES;
				GCC_WARN_UNINITIALIZED_AUTOS = YES_AGGRESSIVE;
				GCC_WARN_UNUSED_FUNCTION = YES;
				GCC_WARN_UNUSED_VARIABLE = YES;
				IPHONEOS_DEPLOYMENT_TARGET = 11.3;
				MTL_ENABLE_DEBUG_INFO = YES;
				ONLY_ACTIVE_ARCH = YES;
				SDKROOT = iphoneos;
			};
			name = Debug;
		};
		1C99006020BE70F100B8BAC5 /* Release */ = {
			isa = XCBuildConfiguration;
			buildSettings = {
				ALWAYS_SEARCH_USER_PATHS = NO;
				CLANG_ANALYZER_NONNULL = YES;
				CLANG_ANALYZER_NUMBER_OBJECT_CONVERSION = YES_AGGRESSIVE;
				CLANG_CXX_LANGUAGE_STANDARD = "gnu++14";
				CLANG_CXX_LIBRARY = "libc++";
				CLANG_ENABLE_MODULES = YES;
				CLANG_ENABLE_OBJC_ARC = YES;
				CLANG_ENABLE_OBJC_WEAK = YES;
				CLANG_WARN_BLOCK_CAPTURE_AUTORELEASING = YES;
				CLANG_WARN_BOOL_CONVERSION = YES;
				CLANG_WARN_COMMA = YES;
				CLANG_WARN_CONSTANT_CONVERSION = YES;
				CLANG_WARN_DEPRECATED_OBJC_IMPLEMENTATIONS = YES;
				CLANG_WARN_DIRECT_OBJC_ISA_USAGE = YES_ERROR;
				CLANG_WARN_DOCUMENTATION_COMMENTS = YES;
				CLANG_WARN_EMPTY_BODY = YES;
				CLANG_WARN_ENUM_CONVERSION = YES;
				CLANG_WARN_INFINITE_RECURSION = YES;
				CLANG_WARN_INT_CONVERSION = YES;
				CLANG_WARN_NON_LITERAL_NULL_CONVERSION = YES;
				CLANG_WARN_OBJC_IMPLICIT_RETAIN_SELF = YES;
				CLANG_WARN_OBJC_LITERAL_CONVERSION = YES;
				CLANG_WARN_OBJC_ROOT_CLASS = YES_ERROR;
				CLANG_WARN_RANGE_LOOP_ANALYSIS = YES;
				CLANG_WARN_STRICT_PROTOTYPES = YES;
				CLANG_WARN_SUSPICIOUS_MOVE = YES;
				CLANG_WARN_UNGUARDED_AVAILABILITY = YES_AGGRESSIVE;
				CLANG_WARN_UNREACHABLE_CODE = YES;
				CLANG_WARN__DUPLICATE_METHOD_MATCH = YES;
				CODE_SIGN_IDENTITY = "iPhone Developer";
				COPY_PHASE_STRIP = NO;
				DEBUG_INFORMATION_FORMAT = "dwarf-with-dsym";
				ENABLE_NS_ASSERTIONS = NO;
				ENABLE_STRICT_OBJC_MSGSEND = YES;
				GCC_C_LANGUAGE_STANDARD = gnu11;
				GCC_NO_COMMON_BLOCKS = YES;
				GCC_WARN_64_TO_32_BIT_CONVERSION = YES;
				GCC_WARN_ABOUT_RETURN_TYPE = YES_ERROR;
				GCC_WARN_UNDECLARED_SELECTOR = YES;
				GCC_WARN_UNINITIALIZED_AUTOS = YES_AGGRESSIVE;
				GCC_WARN_UNUSED_FUNCTION = YES;
				GCC_WARN_UNUSED_VARIABLE = YES;
				IPHONEOS_DEPLOYMENT_TARGET = 11.3;
				MTL_ENABLE_DEBUG_INFO = NO;
				SDKROOT = iphoneos;
				VALIDATE_PRODUCT = YES;
			};
			name = Release;
		};
		1C99006220BE70F100B8BAC5 /* Debug */ = {
			isa = XCBuildConfiguration;
			buildSettings = {
				ASSETCATALOG_COMPILER_APPICON_NAME = AppIcon;
				CODE_SIGN_STYLE = Automatic;
				DEVELOPMENT_TEAM = N46VGUZVN4;
				INFOPLIST_FILE = YPAppMonitorDemo/Info.plist;
				IPHONEOS_DEPLOYMENT_TARGET = 8.0;
				LD_RUNPATH_SEARCH_PATHS = (
					"$(inherited)",
					"@executable_path/Frameworks",
				);
				PRODUCT_BUNDLE_IDENTIFIER = com.anjubao.YPAppMonitorDemo;
				PRODUCT_NAME = "$(TARGET_NAME)";
				TARGETED_DEVICE_FAMILY = "1,2";
			};
			name = Debug;
		};
		1C99006320BE70F100B8BAC5 /* Release */ = {
			isa = XCBuildConfiguration;
			buildSettings = {
				ASSETCATALOG_COMPILER_APPICON_NAME = AppIcon;
				CODE_SIGN_STYLE = Automatic;
				DEVELOPMENT_TEAM = N46VGUZVN4;
				INFOPLIST_FILE = YPAppMonitorDemo/Info.plist;
				IPHONEOS_DEPLOYMENT_TARGET = 8.0;
				LD_RUNPATH_SEARCH_PATHS = (
					"$(inherited)",
					"@executable_path/Frameworks",
				);
				PRODUCT_BUNDLE_IDENTIFIER = com.anjubao.YPAppMonitorDemo;
				PRODUCT_NAME = "$(TARGET_NAME)";
				TARGETED_DEVICE_FAMILY = "1,2";
			};
			name = Release;
		};
/* End XCBuildConfiguration section */

/* Begin XCConfigurationList section */
		1C99004620BE70F000B8BAC5 /* Build configuration list for PBXProject "YPAppMonitorDemo" */ = {
			isa = XCConfigurationList;
			buildConfigurations = (
				1C99005F20BE70F100B8BAC5 /* Debug */,
				1C99006020BE70F100B8BAC5 /* Release */,
			);
			defaultConfigurationIsVisible = 0;
			defaultConfigurationName = Release;
		};
		1C99006120BE70F100B8BAC5 /* Build configuration list for PBXNativeTarget "YPAppMonitorDemo" */ = {
			isa = XCConfigurationList;
			buildConfigurations = (
				1C99006220BE70F100B8BAC5 /* Debug */,
				1C99006320BE70F100B8BAC5 /* Release */,
			);
			defaultConfigurationIsVisible = 0;
			defaultConfigurationName = Release;
		};
/* End XCConfigurationList section */
	};
	rootObject = 1C99004320BE70F000B8BAC5 /* Project object */;
}
