PODS:
  - YPAppMonitor (0.0.4)

DEPENDENCIES:
  - YPAppMonitor (from `https://github.com/zhuyuping/YPAppMonitor.git`)

EXTERNAL SOURCES:
  YPAppMonitor:
    :git: https://github.com/zhuyuping/YPAppMonitor.git

CHECKOUT OPTIONS:
  YPAppMonitor:
    :commit: 7f32d288127e6a7b4fe225ad87a283ae3cb240bf
    :git: https://github.com/zhuyuping/YPAppMonitor.git

SPEC CHECKSUMS:
  YPAppMonitor: 9199e81fd0c9720f562fea619c0dae29f27d4a99

PODFILE CHECKSUM: 4869598b670ad8708e011eb693d047c42c6d94dc

COCOAPODS: 1.5.3
