PODS:
  - YPAppMonitor (0.0.2)

DEPENDENCIES:
  - YPAppMonitor (from `https://github.com/zhuyuping/YPAppMonitor.git`)

EXTERNAL SOURCES:
  YPAppMonitor:
    :git: https://github.com/zhuyuping/YPAppMonitor.git

CHECKOUT OPTIONS:
  YPAppMonitor:
    :commit: 1bf97b7b494e90518c4b94f7e7a76697775d93c0
    :git: https://github.com/zhuyuping/YPAppMonitor.git

SPEC CHECKSUMS:
  YPAppMonitor: 78912c2ee2e6b56fa3e264c0643b0561e6e0cbad

PODFILE CHECKSUM: 4869598b670ad8708e011eb693d047c42c6d94dc

COCOAPODS: 1.5.3
