PODS:
  - YPAppMonitor (0.0.4)

DEPENDENCIES:
  - YPAppMonitor (from `https://github.com/zhuyuping/YPAppMonitor.git`)

EXTERNAL SOURCES:
  YPAppMonitor:
    :git: https://github.com/zhuyuping/YPAppMonitor.git

CHECKOUT OPTIONS:
  YPAppMonitor:
    :commit: b610a03b040c5fca9771953797ab9db47e92e60a
    :git: https://github.com/zhuyuping/YPAppMonitor.git

SPEC CHECKSUMS:
  YPAppMonitor: ccb937d0f72ea77fa3aff8c6a478d52cae5fda67

PODFILE CHECKSUM: 4869598b670ad8708e011eb693d047c42c6d94dc

COCOAPODS: 1.5.3
